# THIS IS AN AUTOGENERATED FILE. DO NOT EDIT THIS FILE DIRECTLY.
# yarn lockfile v1


canvas@^1.6.9:
  version "1.6.9"
  resolved "https://registry.yarnpkg.com/canvas/-/canvas-1.6.9.tgz#e3f95cec7b16bf2d6f3fc725c02d940d3258f69b"
  dependencies:
    nan "^2.4.0"

nan@^2.4.0:
  version "2.8.0"
  resolved "https://registry.yarnpkg.com/nan/-/nan-2.8.0.tgz#ed715f3fe9de02b57a5e6252d90a96675e1f085a"

seedrandom@^2.4.3:
  version "2.4.3"
  resolved "https://registry.yarnpkg.com/seedrandom/-/seedrandom-2.4.3.tgz#2438504dad33917314bff18ac4d794f16d6aaecc"
